
Microsoft Visual Studio Solution File, Format Version 12.00
# Visual Studio 2013
VisualStudioVersion = 12.0.21005.1
MinimumVisualStudioVersion = 10.0.40219.1
Project("{FAE04EC0-301F-11D3-BF4B-00C04F79EFBC}") = "ReflectAsm", "ReflectAsm\ReflectAsm.csproj", "{0706AD6A-5652-4C02-B9E6-4475D4DFCF2B}"
EndProject
Project("{FAE04EC0-301F-11D3-BF4B-00C04F79EFBC}") = "TestProcess", "TestProcess\TestProcess.csproj", "{4DED3194-27D0-4E6D-BBC6-FED6DD9E9B53}"
EndProject
Project("{FAE04EC0-301F-11D3-BF4B-00C04F79EFBC}") = "TestLibrary", "TestLibrary\TestLibrary.csproj", "{9C383EEC-C953-4513-8C98-ABB5BEBF2A95}"
EndProject
Project("{FAE04EC0-301F-11D3-BF4B-00C04F79EFBC}") = "Disassembler", "Dissasembler\Disassembler.csproj", "{D81727FD-ACA0-41DF-A38A-9FA50C331086}"
EndProject
Project("{FAE04EC0-301F-11D3-BF4B-00C04F79EFBC}") = "Disassembler.Tests", "Disassembler.Tests\Disassembler.Tests.csproj", "{9CCD9FE9-15EF-4F24-8346-128E403BDE60}"
EndProject
Project("{2150E333-8FDC-42A3-9474-1A3956D46DE8}") = "Solution Items", "Solution Items", "{F996D8E0-B135-424F-9F43-ED40D50E2C07}"
	ProjectSection(SolutionItems) = preProject
		key.snk = key.snk
	EndProjectSection
EndProject
Global
	GlobalSection(SolutionConfigurationPlatforms) = preSolution
		Debug|Any CPU = Debug|Any CPU
		Release|Any CPU = Release|Any CPU
	EndGlobalSection
	GlobalSection(ProjectConfigurationPlatforms) = postSolution
		{0706AD6A-5652-4C02-B9E6-4475D4DFCF2B}.Debug|Any CPU.ActiveCfg = Debug|Any CPU
		{0706AD6A-5652-4C02-B9E6-4475D4DFCF2B}.Debug|Any CPU.Build.0 = Debug|Any CPU
		{0706AD6A-5652-4C02-B9E6-4475D4DFCF2B}.Release|Any CPU.ActiveCfg = Release|Any CPU
		{0706AD6A-5652-4C02-B9E6-4475D4DFCF2B}.Release|Any CPU.Build.0 = Release|Any CPU
		{4DED3194-27D0-4E6D-BBC6-FED6DD9E9B53}.Debug|Any CPU.ActiveCfg = Debug|Any CPU
		{4DED3194-27D0-4E6D-BBC6-FED6DD9E9B53}.Debug|Any CPU.Build.0 = Debug|Any CPU
		{4DED3194-27D0-4E6D-BBC6-FED6DD9E9B53}.Release|Any CPU.ActiveCfg = Release|Any CPU
		{4DED3194-27D0-4E6D-BBC6-FED6DD9E9B53}.Release|Any CPU.Build.0 = Release|Any CPU
		{9C383EEC-C953-4513-8C98-ABB5BEBF2A95}.Debug|Any CPU.ActiveCfg = Debug|Any CPU
		{9C383EEC-C953-4513-8C98-ABB5BEBF2A95}.Debug|Any CPU.Build.0 = Debug|Any CPU
		{9C383EEC-C953-4513-8C98-ABB5BEBF2A95}.Release|Any CPU.ActiveCfg = Release|Any CPU
		{9C383EEC-C953-4513-8C98-ABB5BEBF2A95}.Release|Any CPU.Build.0 = Release|Any CPU
		{D81727FD-ACA0-41DF-A38A-9FA50C331086}.Debug|Any CPU.ActiveCfg = Debug|Any CPU
		{D81727FD-ACA0-41DF-A38A-9FA50C331086}.Debug|Any CPU.Build.0 = Debug|Any CPU
		{D81727FD-ACA0-41DF-A38A-9FA50C331086}.Release|Any CPU.ActiveCfg = Release|Any CPU
		{D81727FD-ACA0-41DF-A38A-9FA50C331086}.Release|Any CPU.Build.0 = Release|Any CPU
		{9CCD9FE9-15EF-4F24-8346-128E403BDE60}.Debug|Any CPU.ActiveCfg = Debug|Any CPU
		{9CCD9FE9-15EF-4F24-8346-128E403BDE60}.Debug|Any CPU.Build.0 = Debug|Any CPU
		{9CCD9FE9-15EF-4F24-8346-128E403BDE60}.Release|Any CPU.ActiveCfg = Release|Any CPU
		{9CCD9FE9-15EF-4F24-8346-128E403BDE60}.Release|Any CPU.Build.0 = Release|Any CPU
	EndGlobalSection
	GlobalSection(SolutionProperties) = preSolution
		HideSolutionNode = FALSE
	EndGlobalSection
EndGlobal
